
Microsoft Visual Studio Solution File, Format Version 12.00
# Visual Studio Version 16
VisualStudioVersion = 16.0.30320.27
MinimumVisualStudioVersion = 10.0.40219.1
Project("{FAE04EC0-301F-11D3-BF4B-00C04F79EFBC}") = "Lab3_3_AspNetMVC_Sakila_DBFirst", "Lab3_3_AspNetMVC_Sakila_DBFirst.csproj", "{8083E694-B4E8-43A3-9733-9DD4BE516DC9}"
EndProject
Global
	GlobalSection(SolutionConfigurationPlatforms) = preSolution
		Debug|Any CPU = Debug|Any CPU
		Release|Any CPU = Release|Any CPU
	EndGlobalSection
	GlobalSection(ProjectConfigurationPlatforms) = postSolution
		{8083E694-B4E8-43A3-9733-9DD4BE516DC9}.Debug|Any CPU.ActiveCfg = Debug|Any CPU
		{8083E694-B4E8-43A3-9733-9DD4BE516DC9}.Debug|Any CPU.Build.0 = Debug|Any CPU
		{8083E694-B4E8-43A3-9733-9DD4BE516DC9}.Release|Any CPU.ActiveCfg = Release|Any CPU
		{8083E694-B4E8-43A3-9733-9DD4BE516DC9}.Release|Any CPU.Build.0 = Release|Any CPU
	EndGlobalSection
	GlobalSection(SolutionProperties) = preSolution
		HideSolutionNode = FALSE
	EndGlobalSection
	GlobalSection(ExtensibilityGlobals) = postSolution
		SolutionGuid = {31D58A46-F429-42E6-A16D-EB97E0225D4A}
	EndGlobalSection
EndGlobal
